// !$*UTF8*$!
{
	archiveVersion = 1;
	classes = {
	};
	objectVersion = 46;
	objects = {

/* Begin PBXBuildFile section */
		0F409BD4708B3FE94062B93A /* libPods-FenXiaoBao.a in Frameworks */ = {isa = PBXBuildFile; fileRef = 5AAA8A9FD246248B887E76B7 /* libPods-FenXiaoBao.a */; };
		FF2C0BD71E0CFF8100B0657D /* main.m in Sources */ = {isa = PBXBuildFile; fileRef = FF2C0BD61E0CFF8100B0657D /* main.m */; };
		FF2C0BDA1E0CFF8100B0657D /* AppDelegate.m in Sources */ = {isa = PBXBuildFile; fileRef = FF2C0BD91E0CFF8100B0657D /* AppDelegate.m */; };
		FF2C0BDD1E0CFF8100B0657D /* ViewController.m in Sources */ = {isa = PBXBuildFile; fileRef = FF2C0BDC1E0CFF8100B0657D /* ViewController.m */; };
		FF2C0BE01E0CFF8100B0657D /* Main.storyboard in Resources */ = {isa = PBXBuildFile; fileRef = FF2C0BDE1E0CFF8100B0657D /* Main.storyboard */; };
		FF2C0BE21E0CFF8100B0657D /* Assets.xcassets in Resources */ = {isa = PBXBuildFile; fileRef = FF2C0BE11E0CFF8100B0657D /* Assets.xcassets */; };
		FF2C0BE51E0CFF8100B0657D /* LaunchScreen.storyboard in Resources */ = {isa = PBXBuildFile; fileRef = FF2C0BE31E0CFF8100B0657D /* LaunchScreen.storyboard */; };
		FF2C0BF01E0CFF8100B0657D /* FenXiangBaoTests.m in Sources */ = {isa = PBXBuildFile; fileRef = FF2C0BEF1E0CFF8100B0657D /* FenXiangBaoTests.m */; };
		FF2C0BFB1E0CFF8100B0657D /* FenXiangBaoUITests.m in Sources */ = {isa = PBXBuildFile; fileRef = FF2C0BFA1E0CFF8100B0657D /* FenXiangBaoUITests.m */; };
		FF2C0C341E0CFFF400B0657D /* HomeViewController.m in Sources */ = {isa = PBXBuildFile; fileRef = FF2C0C081E0CFFF400B0657D /* HomeViewController.m */; };
		FF2C0C351E0CFFF400B0657D /* HomeViewController.xib in Resources */ = {isa = PBXBuildFile; fileRef = FF2C0C091E0CFFF400B0657D /* HomeViewController.xib */; };
		FF2C0C361E0CFFF400B0657D /* NSDictionary+NSNull.m in Sources */ = {isa = PBXBuildFile; fileRef = FF2C0C0F1E0CFFF400B0657D /* NSDictionary+NSNull.m */; };
		FF2C0C371E0CFFF400B0657D /* NSData+ImageContentType.m in Sources */ = {isa = PBXBuildFile; fileRef = FF2C0C121E0CFFF400B0657D /* NSData+ImageContentType.m */; };
		FF2C0C381E0CFFF400B0657D /* SDImageCache.m in Sources */ = {isa = PBXBuildFile; fileRef = FF2C0C141E0CFFF400B0657D /* SDImageCache.m */; };
		FF2C0C391E0CFFF400B0657D /* SDWebImageCompat.m in Sources */ = {isa = PBXBuildFile; fileRef = FF2C0C161E0CFFF400B0657D /* SDWebImageCompat.m */; };
		FF2C0C3A1E0CFFF400B0657D /* SDWebImageDecoder.m in Sources */ = {isa = PBXBuildFile; fileRef = FF2C0C181E0CFFF400B0657D /* SDWebImageDecoder.m */; };
		FF2C0C3B1E0CFFF400B0657D /* SDWebImageDownloader.m in Sources */ = {isa = PBXBuildFile; fileRef = FF2C0C1A1E0CFFF400B0657D /* SDWebImageDownloader.m */; };
		FF2C0C3C1E0CFFF400B0657D /* SDWebImageDownloaderOperation.m in Sources */ = {isa = PBXBuildFile; fileRef = FF2C0C1C1E0CFFF400B0657D /* SDWebImageDownloaderOperation.m */; };
		FF2C0C3D1E0CFFF400B0657D /* SDWebImageManager.m in Sources */ = {isa = PBXBuildFile; fileRef = FF2C0C1E1E0CFFF400B0657D /* SDWebImageManager.m */; };
		FF2C0C3E1E0CFFF400B0657D /* SDWebImagePrefetcher.m in Sources */ = {isa = PBXBuildFile; fileRef = FF2C0C211E0CFFF400B0657D /* SDWebImagePrefetcher.m */; };
		FF2C0C3F1E0CFFF400B0657D /* UIButton+WebCache.m in Sources */ = {isa = PBXBuildFile; fileRef = FF2C0C231E0CFFF400B0657D /* UIButton+WebCache.m */; };
		FF2C0C401E0CFFF400B0657D /* UIImage+GIF.m in Sources */ = {isa = PBXBuildFile; fileRef = FF2C0C251E0CFFF400B0657D /* UIImage+GIF.m */; };
		FF2C0C411E0CFFF400B0657D /* UIImage+MultiFormat.m in Sources */ = {isa = PBXBuildFile; fileRef = FF2C0C271E0CFFF400B0657D /* UIImage+MultiFormat.m */; };
		FF2C0C421E0CFFF400B0657D /* UIImageView+HighlightedWebCache.m in Sources */ = {isa = PBXBuildFile; fileRef = FF2C0C291E0CFFF400B0657D /* UIImageView+HighlightedWebCache.m */; };
		FF2C0C431E0CFFF400B0657D /* UIImageView+WebCache.m in Sources */ = {isa = PBXBuildFile; fileRef = FF2C0C2B1E0CFFF400B0657D /* UIImageView+WebCache.m */; };
		FF2C0C441E0CFFF400B0657D /* UIView+WebCacheOperation.m in Sources */ = {isa = PBXBuildFile; fileRef = FF2C0C2D1E0CFFF400B0657D /* UIView+WebCacheOperation.m */; };
		FF2C0C451E0CFFF400B0657D /* libWeChatSDK.a in Frameworks */ = {isa = PBXBuildFile; fileRef = FF2C0C2F1E0CFFF400B0657D /* libWeChatSDK.a */; };
		FF2C0C461E0CFFF400B0657D /* README.txt in Resources */ = {isa = PBXBuildFile; fileRef = FF2C0C301E0CFFF400B0657D /* README.txt */; };
		FF2C0C481E0D005200B0657D /* Images.xcassets in Resources */ = {isa = PBXBuildFile; fileRef = FF2C0C471E0D005200B0657D /* Images.xcassets */; };
		FF2C0C4B1E0D009C00B0657D /* CFNetwork.framework in Frameworks */ = {isa = PBXBuildFile; fileRef = FF2C0C4A1E0D009C00B0657D /* CFNetwork.framework */; };
		FF2C0C4D1E0D00B200B0657D /* CoreTelephony.framework in Frameworks */ = {isa = PBXBuildFile; fileRef = FF2C0C4C1E0D00B200B0657D /* CoreTelephony.framework */; };
		FF2C0C4F1E0D00CA00B0657D /* Security.framework in Frameworks */ = {isa = PBXBuildFile; fileRef = FF2C0C4E1E0D00CA00B0657D /* Security.framework */; };
		FF2C0C511E0D00DF00B0657D /* SystemConfiguration.framework in Frameworks */ = {isa = PBXBuildFile; fileRef = FF2C0C501E0D00DF00B0657D /* SystemConfiguration.framework */; };
		FF2C0C531E0D00F900B0657D /* libc++.tbd in Frameworks */ = {isa = PBXBuildFile; fileRef = FF2C0C521E0D00F900B0657D /* libc++.tbd */; };
		FF2C0C551E0D010400B0657D /* libz.tbd in Frameworks */ = {isa = PBXBuildFile; fileRef = FF2C0C541E0D010400B0657D /* libz.tbd */; };
		FF2C0C571E0D010E00B0657D /* libsqlite3.tbd in Frameworks */ = {isa = PBXBuildFile; fileRef = FF2C0C561E0D010E00B0657D /* libsqlite3.tbd */; };
		FF377D0A1E5AC0FF00BC07B5 /* NSURLRequest+SSL.m in Sources */ = {isa = PBXBuildFile; fileRef = FF377D081E5AC0FF00BC07B5 /* NSURLRequest+SSL.m */; };
		FF377D6E1E5AC15C00BC07B5 /* jcore-ios-1.1.1.a in Frameworks */ = {isa = PBXBuildFile; fileRef = FF377D6B1E5AC15C00BC07B5 /* jcore-ios-1.1.1.a */; };
		FF377D6F1E5AC15C00BC07B5 /* jpush-ios-3.0.2.a in Frameworks */ = {isa = PBXBuildFile; fileRef = FF377D6C1E5AC15C00BC07B5 /* jpush-ios-3.0.2.a */; };
		FF377D711E5AC1A500BC07B5 /* CoreFoundation.framework in Frameworks */ = {isa = PBXBuildFile; fileRef = FF377D701E5AC1A400BC07B5 /* CoreFoundation.framework */; };
		FF377D731E5AC35100BC07B5 /* AdSupport.framework in Frameworks */ = {isa = PBXBuildFile; fileRef = FF377D721E5AC35100BC07B5 /* AdSupport.framework */; };
		FF377D751E5AC36300BC07B5 /* UserNotifications.framework in Frameworks */ = {isa = PBXBuildFile; fileRef = FF377D741E5AC36300BC07B5 /* UserNotifications.framework */; settings = {ATTRIBUTES = (Weak, ); }; };
		FF377D771E5AC38A00BC07B5 /* libresolv.tbd in Frameworks */ = {isa = PBXBuildFile; fileRef = FF377D761E5AC38A00BC07B5 /* libresolv.tbd */; };
		FFC4FBD81E8F843700C9F786 /* test2.html in Resources */ = {isa = PBXBuildFile; fileRef = FFC4FBD61E8F843700C9F786 /* test2.html */; };
		FFC4FBD91E8F843700C9F786 /* test1.html in Resources */ = {isa = PBXBuildFile; fileRef = FFC4FBD71E8F843700C9F786 /* test1.html */; };
		FFDCB5AC1E8DECD00065073D /* LeadViewController.m in Sources */ = {isa = PBXBuildFile; fileRef = FFDCB5AA1E8DECD00065073D /* LeadViewController.m */; };
		FFDCB5AD1E8DECD00065073D /* LeadViewController.xib in Resources */ = {isa = PBXBuildFile; fileRef = FFDCB5AB1E8DECD00065073D /* LeadViewController.xib */; };
		FFDCB5B11E8DF7AB0065073D /* lead@2x.png in Resources */ = {isa = PBXBuildFile; fileRef = FFDCB5AF1E8DF7AB0065073D /* lead@2x.png */; };
		FFDCB5B21E8DF7AB0065073D /* lead@3x.png in Resources */ = {isa = PBXBuildFile; fileRef = FFDCB5B01E8DF7AB0065073D /* lead@3x.png */; };
		FFDCB5B51E8E39350065073D /* requestTimeOut@3x.png in Resources */ = {isa = PBXBuildFile; fileRef = FFDCB5B31E8E39350065073D /* requestTimeOut@3x.png */; };
		FFDCB5B61E8E39350065073D /* requestTimeOut@2x.png in Resources */ = {isa = PBXBuildFile; fileRef = FFDCB5B41E8E39350065073D /* requestTimeOut@2x.png */; };
		FFE53C3B1E13993C00CED6E9 /* libWeiboSDK.a in Frameworks */ = {isa = PBXBuildFile; fileRef = FFE53C2E1E13993C00CED6E9 /* libWeiboSDK.a */; };
		FFE53C3C1E13993C00CED6E9 /* WeiboSDK.bundle in Resources */ = {isa = PBXBuildFile; fileRef = FFE53C381E13993C00CED6E9 /* WeiboSDK.bundle */; };
		FFE53C3E1E13A3AF00CED6E9 /* QuartzCore.framework in Frameworks */ = {isa = PBXBuildFile; fileRef = FFE53C3D1E13A3AF00CED6E9 /* QuartzCore.framework */; };
		FFE53C401E13A3BC00CED6E9 /* ImageIO.framework in Frameworks */ = {isa = PBXBuildFile; fileRef = FFE53C3F1E13A3BC00CED6E9 /* ImageIO.framework */; };
		FFE53C421E13A3E200CED6E9 /* CoreText.framework in Frameworks */ = {isa = PBXBuildFile; fileRef = FFE53C411E13A3E200CED6E9 /* CoreText.framework */; };
		FFE53C441E13A40100CED6E9 /* UIKit.framework in Frameworks */ = {isa = PBXBuildFile; fileRef = FFE53C431E13A40100CED6E9 /* UIKit.framework */; };
		FFE53C461E13A41000CED6E9 /* Foundation.framework in Frameworks */ = {isa = PBXBuildFile; fileRef = FFE53C451E13A41000CED6E9 /* Foundation.framework */; };
		FFE53C481E13A41F00CED6E9 /* CoreGraphics.framework in Frameworks */ = {isa = PBXBuildFile; fileRef = FFE53C471E13A41F00CED6E9 /* CoreGraphics.framework */; };
		FFE53C4C1E13BA3200CED6E9 /* TencentOpenAPI.framework in Frameworks */ = {isa = PBXBuildFile; fileRef = FFE53C4A1E13BA3100CED6E9 /* TencentOpenAPI.framework */; };
		FFE53C4D1E13BA3200CED6E9 /* TencentOpenApi_IOS_Bundle.bundle in Resources */ = {isa = PBXBuildFile; fileRef = FFE53C4B1E13BA3200CED6E9 /* TencentOpenApi_IOS_Bundle.bundle */; };
		FFE53C4F1E13BA5700CED6E9 /* libiconv.tbd in Frameworks */ = {isa = PBXBuildFile; fileRef = FFE53C4E1E13BA5700CED6E9 /* libiconv.tbd */; };
/* End PBXBuildFile section */

/* Begin PBXContainerItemProxy section */
		FF2C0BEC1E0CFF8100B0657D /* PBXContainerItemProxy */ = {
			isa = PBXContainerItemProxy;
			containerPortal = FF2C0BCA1E0CFF8100B0657D /* Project object */;
			proxyType = 1;
			remoteGlobalIDString = FF2C0BD11E0CFF8100B0657D;
			remoteInfo = FenXiangBao;
		};
		FF2C0BF71E0CFF8100B0657D /* PBXContainerItemProxy */ = {
			isa = PBXContainerItemProxy;
			containerPortal = FF2C0BCA1E0CFF8100B0657D /* Project object */;
			proxyType = 1;
			remoteGlobalIDString = FF2C0BD11E0CFF8100B0657D;
			remoteInfo = FenXiangBao;
		};
/* End PBXContainerItemProxy section */

/* Begin PBXFileReference section */
		5AAA8A9FD246248B887E76B7 /* libPods-FenXiaoBao.a */ = {isa = PBXFileReference; explicitFileType = archive.ar; includeInIndex = 0; path = "libPods-FenXiaoBao.a"; sourceTree = BUILT_PRODUCTS_DIR; };
		96281B310A1383C9148CA02F /* Pods-FenXiaoBao.debug.xcconfig */ = {isa = PBXFileReference; includeInIndex = 1; lastKnownFileType = text.xcconfig; name = "Pods-FenXiaoBao.debug.xcconfig"; path = "Pods/Target Support Files/Pods-FenXiaoBao/Pods-FenXiaoBao.debug.xcconfig"; sourceTree = "<group>"; };
		D2FA461D5BB2421D9BC961FD /* Pods-FenXiaoBao.release.xcconfig */ = {isa = PBXFileReference; includeInIndex = 1; lastKnownFileType = text.xcconfig; name = "Pods-FenXiaoBao.release.xcconfig"; path = "Pods/Target Support Files/Pods-FenXiaoBao/Pods-FenXiaoBao.release.xcconfig"; sourceTree = "<group>"; };
		FF2C0BD21E0CFF8100B0657D /* FenXiaoBao.app */ = {isa = PBXFileReference; explicitFileType = wrapper.application; includeInIndex = 0; path = FenXiaoBao.app; sourceTree = BUILT_PRODUCTS_DIR; };
		FF2C0BD61E0CFF8100B0657D /* main.m */ = {isa = PBXFileReference; lastKnownFileType = sourcecode.c.objc; path = main.m; sourceTree = "<group>"; };
		FF2C0BD81E0CFF8100B0657D /* AppDelegate.h */ = {isa = PBXFileReference; lastKnownFileType = sourcecode.c.h; path = AppDelegate.h; sourceTree = "<group>"; };
		FF2C0BD91E0CFF8100B0657D /* AppDelegate.m */ = {isa = PBXFileReference; lastKnownFileType = sourcecode.c.objc; path = AppDelegate.m; sourceTree = "<group>"; };
		FF2C0BDB1E0CFF8100B0657D /* ViewController.h */ = {isa = PBXFileReference; lastKnownFileType = sourcecode.c.h; path = ViewController.h; sourceTree = "<group>"; };
		FF2C0BDC1E0CFF8100B0657D /* ViewController.m */ = {isa = PBXFileReference; lastKnownFileType = sourcecode.c.objc; path = ViewController.m; sourceTree = "<group>"; };
		FF2C0BDF1E0CFF8100B0657D /* Base */ = {isa = PBXFileReference; lastKnownFileType = file.storyboard; name = Base; path = Base.lproj/Main.storyboard; sourceTree = "<group>"; };
		FF2C0BE11E0CFF8100B0657D /* Assets.xcassets */ = {isa = PBXFileReference; lastKnownFileType = folder.assetcatalog; path = Assets.xcassets; sourceTree = "<group>"; };
		FF2C0BE41E0CFF8100B0657D /* Base */ = {isa = PBXFileReference; lastKnownFileType = file.storyboard; name = Base; path = Base.lproj/LaunchScreen.storyboard; sourceTree = "<group>"; };
		FF2C0BE61E0CFF8100B0657D /* Info.plist */ = {isa = PBXFileReference; lastKnownFileType = text.plist.xml; path = Info.plist; sourceTree = "<group>"; };
		FF2C0BEB1E0CFF8100B0657D /* FenXiaoBaoTests.xctest */ = {isa = PBXFileReference; explicitFileType = wrapper.cfbundle; includeInIndex = 0; path = FenXiaoBaoTests.xctest; sourceTree = BUILT_PRODUCTS_DIR; };
		FF2C0BEF1E0CFF8100B0657D /* FenXiangBaoTests.m */ = {isa = PBXFileReference; lastKnownFileType = sourcecode.c.objc; path = FenXiangBaoTests.m; sourceTree = "<group>"; };
		FF2C0BF11E0CFF8100B0657D /* Info.plist */ = {isa = PBXFileReference; lastKnownFileType = text.plist.xml; path = Info.plist; sourceTree = "<group>"; };
		FF2C0BF61E0CFF8100B0657D /* FenXiaoBaoUITests.xctest */ = {isa = PBXFileReference; explicitFileType = wrapper.cfbundle; includeInIndex = 0; path = FenXiaoBaoUITests.xctest; sourceTree = BUILT_PRODUCTS_DIR; };
		FF2C0BFA1E0CFF8100B0657D /* FenXiangBaoUITests.m */ = {isa = PBXFileReference; lastKnownFileType = sourcecode.c.objc; path = FenXiangBaoUITests.m; sourceTree = "<group>"; };
		FF2C0BFC1E0CFF8100B0657D /* Info.plist */ = {isa = PBXFileReference; lastKnownFileType = text.plist.xml; path = Info.plist; sourceTree = "<group>"; };
		FF2C0C081E0CFFF400B0657D /* HomeViewController.m */ = {isa = PBXFileReference; fileEncoding = 4; lastKnownFileType = sourcecode.c.objc; path = HomeViewController.m; sourceTree = "<group>"; };
		FF2C0C091E0CFFF400B0657D /* HomeViewController.xib */ = {isa = PBXFileReference; fileEncoding = 4; lastKnownFileType = file.xib; path = HomeViewController.xib; sourceTree = "<group>"; };
		FF2C0C0A1E0CFFF400B0657D /* macro.h */ = {isa = PBXFileReference; fileEncoding = 4; lastKnownFileType = sourcecode.c.h; path = macro.h; sourceTree = "<group>"; };
		FF2C0C0B1E0CFFF400B0657D /* HomeViewController.h */ = {isa = PBXFileReference; fileEncoding = 4; lastKnownFileType = sourcecode.c.h; path = HomeViewController.h; sourceTree = "<group>"; };
		FF2C0C0E1E0CFFF400B0657D /* NSDictionary+NSNull.h */ = {isa = PBXFileReference; fileEncoding = 4; lastKnownFileType = sourcecode.c.h; path = "NSDictionary+NSNull.h"; sourceTree = "<group>"; };
		FF2C0C0F1E0CFFF400B0657D /* NSDictionary+NSNull.m */ = {isa = PBXFileReference; fileEncoding = 4; lastKnownFileType = sourcecode.c.objc; path = "NSDictionary+NSNull.m"; sourceTree = "<group>"; };
		FF2C0C111E0CFFF400B0657D /* NSData+ImageContentType.h */ = {isa = PBXFileReference; fileEncoding = 4; lastKnownFileType = sourcecode.c.h; path = "NSData+ImageContentType.h"; sourceTree = "<group>"; };
		FF2C0C121E0CFFF400B0657D /* NSData+ImageContentType.m */ = {isa = PBXFileReference; fileEncoding = 4; lastKnownFileType = sourcecode.c.objc; path = "NSData+ImageContentType.m"; sourceTree = "<group>"; };
		FF2C0C131E0CFFF400B0657D /* SDImageCache.h */ = {isa = PBXFileReference; fileEncoding = 4; lastKnownFileType = sourcecode.c.h; path = SDImageCache.h; sourceTree = "<group>"; };
		FF2C0C141E0CFFF400B0657D /* SDImageCache.m */ = {isa = PBXFileReference; fileEncoding = 4; lastKnownFileType = sourcecode.c.objc; path = SDImageCache.m; sourceTree = "<group>"; };
		FF2C0C151E0CFFF400B0657D /* SDWebImageCompat.h */ = {isa = PBXFileReference; fileEncoding = 4; lastKnownFileType = sourcecode.c.h; path = SDWebImageCompat.h; sourceTree = "<group>"; };
		FF2C0C161E0CFFF400B0657D /* SDWebImageCompat.m */ = {isa = PBXFileReference; fileEncoding = 4; lastKnownFileType = sourcecode.c.objc; path = SDWebImageCompat.m; sourceTree = "<group>"; };
		FF2C0C171E0CFFF400B0657D /* SDWebImageDecoder.h */ = {isa = PBXFileReference; fileEncoding = 4; lastKnownFileType = sourcecode.c.h; path = SDWebImageDecoder.h; sourceTree = "<group>"; };
		FF2C0C181E0CFFF400B0657D /* SDWebImageDecoder.m */ = {isa = PBXFileReference; fileEncoding = 4; lastKnownFileType = sourcecode.c.objc; path = SDWebImageDecoder.m; sourceTree = "<group>"; };
		FF2C0C191E0CFFF400B0657D /* SDWebImageDownloader.h */ = {isa = PBXFileReference; fileEncoding = 4; lastKnownFileType = sourcecode.c.h; path = SDWebImageDownloader.h; sourceTree = "<group>"; };
		FF2C0C1A1E0CFFF400B0657D /* SDWebImageDownloader.m */ = {isa = PBXFileReference; fileEncoding = 4; lastKnownFileType = sourcecode.c.objc; path = SDWebImageDownloader.m; sourceTree = "<group>"; };
		FF2C0C1B1E0CFFF400B0657D /* SDWebImageDownloaderOperation.h */ = {isa = PBXFileReference; fileEncoding = 4; lastKnownFileType = sourcecode.c.h; path = SDWebImageDownloaderOperation.h; sourceTree = "<group>"; };
		FF2C0C1C1E0CFFF400B0657D /* SDWebImageDownloaderOperation.m */ = {isa = PBXFileReference; fileEncoding = 4; lastKnownFileType = sourcecode.c.objc; path = SDWebImageDownloaderOperation.m; sourceTree = "<group>"; };
		FF2C0C1D1E0CFFF400B0657D /* SDWebImageManager.h */ = {isa = PBXFileReference; fileEncoding = 4; lastKnownFileType = sourcecode.c.h; path = SDWebImageManager.h; sourceTree = "<group>"; };
		FF2C0C1E1E0CFFF400B0657D /* SDWebImageManager.m */ = {isa = PBXFileReference; fileEncoding = 4; lastKnownFileType = sourcecode.c.objc; path = SDWebImageManager.m; sourceTree = "<group>"; };
		FF2C0C1F1E0CFFF400B0657D /* SDWebImageOperation.h */ = {isa = PBXFileReference; fileEncoding = 4; lastKnownFileType = sourcecode.c.h; path = SDWebImageOperation.h; sourceTree = "<group>"; };
		FF2C0C201E0CFFF400B0657D /* SDWebImagePrefetcher.h */ = {isa = PBXFileReference; fileEncoding = 4; lastKnownFileType = sourcecode.c.h; path = SDWebImagePrefetcher.h; sourceTree = "<group>"; };
		FF2C0C211E0CFFF400B0657D /* SDWebImagePrefetcher.m */ = {isa = PBXFileReference; fileEncoding = 4; lastKnownFileType = sourcecode.c.objc; path = SDWebImagePrefetcher.m; sourceTree = "<group>"; };
		FF2C0C221E0CFFF400B0657D /* UIButton+WebCache.h */ = {isa = PBXFileReference; fileEncoding = 4; lastKnownFileType = sourcecode.c.h; path = "UIButton+WebCache.h"; sourceTree = "<group>"; };
		FF2C0C231E0CFFF400B0657D /* UIButton+WebCache.m */ = {isa = PBXFileReference; fileEncoding = 4; lastKnownFileType = sourcecode.c.objc; path = "UIButton+WebCache.m"; sourceTree = "<group>"; };
		FF2C0C241E0CFFF400B0657D /* UIImage+GIF.h */ = {isa = PBXFileReference; fileEncoding = 4; lastKnownFileType = sourcecode.c.h; path = "UIImage+GIF.h"; sourceTree = "<group>"; };
		FF2C0C251E0CFFF400B0657D /* UIImage+GIF.m */ = {isa = PBXFileReference; fileEncoding = 4; lastKnownFileType = sourcecode.c.objc; path = "UIImage+GIF.m"; sourceTree = "<group>"; };
		FF2C0C261E0CFFF400B0657D /* UIImage+MultiFormat.h */ = {isa = PBXFileReference; fileEncoding = 4; lastKnownFileType = sourcecode.c.h; path = "UIImage+MultiFormat.h"; sourceTree = "<group>"; };
		FF2C0C271E0CFFF400B0657D /* UIImage+MultiFormat.m */ = {isa = PBXFileReference; fileEncoding = 4; lastKnownFileType = sourcecode.c.objc; path = "UIImage+MultiFormat.m"; sourceTree = "<group>"; };
		FF2C0C281E0CFFF400B0657D /* UIImageView+HighlightedWebCache.h */ = {isa = PBXFileReference; fileEncoding = 4; lastKnownFileType = sourcecode.c.h; path = "UIImageView+HighlightedWebCache.h"; sourceTree = "<group>"; };
		FF2C0C291E0CFFF400B0657D /* UIImageView+HighlightedWebCache.m */ = {isa = PBXFileReference; fileEncoding = 4; lastKnownFileType = sourcecode.c.objc; path = "UIImageView+HighlightedWebCache.m"; sourceTree = "<group>"; };
		FF2C0C2A1E0CFFF400B0657D /* UIImageView+WebCache.h */ = {isa = PBXFileReference; fileEncoding = 4; lastKnownFileType = sourcecode.c.h; path = "UIImageView+WebCache.h"; sourceTree = "<group>"; };
		FF2C0C2B1E0CFFF400B0657D /* UIImageView+WebCache.m */ = {isa = PBXFileReference; fileEncoding = 4; lastKnownFileType = sourcecode.c.objc; path = "UIImageView+WebCache.m"; sourceTree = "<group>"; };
		FF2C0C2C1E0CFFF400B0657D /* UIView+WebCacheOperation.h */ = {isa = PBXFileReference; fileEncoding = 4; lastKnownFileType = sourcecode.c.h; path = "UIView+WebCacheOperation.h"; sourceTree = "<group>"; };
		FF2C0C2D1E0CFFF400B0657D /* UIView+WebCacheOperation.m */ = {isa = PBXFileReference; fileEncoding = 4; lastKnownFileType = sourcecode.c.objc; path = "UIView+WebCacheOperation.m"; sourceTree = "<group>"; };
		FF2C0C2F1E0CFFF400B0657D /* libWeChatSDK.a */ = {isa = PBXFileReference; lastKnownFileType = archive.ar; path = libWeChatSDK.a; sourceTree = "<group>"; };
		FF2C0C301E0CFFF400B0657D /* README.txt */ = {isa = PBXFileReference; fileEncoding = 4; lastKnownFileType = text; path = README.txt; sourceTree = "<group>"; };
		FF2C0C311E0CFFF400B0657D /* WechatAuthSDK.h */ = {isa = PBXFileReference; fileEncoding = 4; lastKnownFileType = sourcecode.c.h; path = WechatAuthSDK.h; sourceTree = "<group>"; };
		FF2C0C321E0CFFF400B0657D /* WXApi.h */ = {isa = PBXFileReference; fileEncoding = 4; lastKnownFileType = sourcecode.c.h; path = WXApi.h; sourceTree = "<group>"; };
		FF2C0C331E0CFFF400B0657D /* WXApiObject.h */ = {isa = PBXFileReference; fileEncoding = 4; lastKnownFileType = sourcecode.c.h; path = WXApiObject.h; sourceTree = "<group>"; };
		FF2C0C471E0D005200B0657D /* Images.xcassets */ = {isa = PBXFileReference; lastKnownFileType = folder.assetcatalog; path = Images.xcassets; sourceTree = "<group>"; };
		FF2C0C4A1E0D009C00B0657D /* CFNetwork.framework */ = {isa = PBXFileReference; lastKnownFileType = wrapper.framework; name = CFNetwork.framework; path = System/Library/Frameworks/CFNetwork.framework; sourceTree = SDKROOT; };
		FF2C0C4C1E0D00B200B0657D /* CoreTelephony.framework */ = {isa = PBXFileReference; lastKnownFileType = wrapper.framework; name = CoreTelephony.framework; path = System/Library/Frameworks/CoreTelephony.framework; sourceTree = SDKROOT; };
		FF2C0C4E1E0D00CA00B0657D /* Security.framework */ = {isa = PBXFileReference; lastKnownFileType = wrapper.framework; name = Security.framework; path = System/Library/Frameworks/Security.framework; sourceTree = SDKROOT; };
		FF2C0C501E0D00DF00B0657D /* SystemConfiguration.framework */ = {isa = PBXFileReference; lastKnownFileType = wrapper.framework; name = SystemConfiguration.framework; path = System/Library/Frameworks/SystemConfiguration.framework; sourceTree = SDKROOT; };
		FF2C0C521E0D00F900B0657D /* libc++.tbd */ = {isa = PBXFileReference; lastKnownFileType = "sourcecode.text-based-dylib-definition"; name = "libc++.tbd"; path = "usr/lib/libc++.tbd"; sourceTree = SDKROOT; };
		FF2C0C541E0D010400B0657D /* libz.tbd */ = {isa = PBXFileReference; lastKnownFileType = "sourcecode.text-based-dylib-definition"; name = libz.tbd; path = usr/lib/libz.tbd; sourceTree = SDKROOT; };
		FF2C0C561E0D010E00B0657D /* libsqlite3.tbd */ = {isa = PBXFileReference; lastKnownFileType = "sourcecode.text-based-dylib-definition"; name = libsqlite3.tbd; path = usr/lib/libsqlite3.tbd; sourceTree = SDKROOT; };
		FF377D081E5AC0FF00BC07B5 /* NSURLRequest+SSL.m */ = {isa = PBXFileReference; fileEncoding = 4; lastKnownFileType = sourcecode.c.objc; path = "NSURLRequest+SSL.m"; sourceTree = "<group>"; };
		FF377D091E5AC0FF00BC07B5 /* NSURLRequest+SSL.h */ = {isa = PBXFileReference; fileEncoding = 4; lastKnownFileType = sourcecode.c.h; path = "NSURLRequest+SSL.h"; sourceTree = "<group>"; };
		FF377D6B1E5AC15C00BC07B5 /* jcore-ios-1.1.1.a */ = {isa = PBXFileReference; lastKnownFileType = archive.ar; path = "jcore-ios-1.1.1.a"; sourceTree = "<group>"; };
		FF377D6C1E5AC15C00BC07B5 /* jpush-ios-3.0.2.a */ = {isa = PBXFileReference; lastKnownFileType = archive.ar; path = "jpush-ios-3.0.2.a"; sourceTree = "<group>"; };
		FF377D6D1E5AC15C00BC07B5 /* JPUSHService.h */ = {isa = PBXFileReference; fileEncoding = 4; lastKnownFileType = sourcecode.c.h; path = JPUSHService.h; sourceTree = "<group>"; };
		FF377D701E5AC1A400BC07B5 /* CoreFoundation.framework */ = {isa = PBXFileReference; lastKnownFileType = wrapper.framework; name = CoreFoundation.framework; path = System/Library/Frameworks/CoreFoundation.framework; sourceTree = SDKROOT; };
		FF377D721E5AC35100BC07B5 /* AdSupport.framework */ = {isa = PBXFileReference; lastKnownFileType = wrapper.framework; name = AdSupport.framework; path = System/Library/Frameworks/AdSupport.framework; sourceTree = SDKROOT; };
		FF377D741E5AC36300BC07B5 /* UserNotifications.framework */ = {isa = PBXFileReference; lastKnownFileType = wrapper.framework; name = UserNotifications.framework; path = System/Library/Frameworks/UserNotifications.framework; sourceTree = SDKROOT; };
		FF377D761E5AC38A00BC07B5 /* libresolv.tbd */ = {isa = PBXFileReference; lastKnownFileType = "sourcecode.text-based-dylib-definition"; name = libresolv.tbd; path = usr/lib/libresolv.tbd; sourceTree = SDKROOT; };
		FFC0D01E1E5A99C700525A80 /* FenXiaoBao.entitlements */ = {isa = PBXFileReference; lastKnownFileType = text.plist.entitlements; path = FenXiaoBao.entitlements; sourceTree = "<group>"; };
		FFC4FBD61E8F843700C9F786 /* test2.html */ = {isa = PBXFileReference; fileEncoding = 4; lastKnownFileType = text.html; path = test2.html; sourceTree = "<group>"; };
		FFC4FBD71E8F843700C9F786 /* test1.html */ = {isa = PBXFileReference; fileEncoding = 4; lastKnownFileType = text.html; path = test1.html; sourceTree = "<group>"; };
		FFDCB5A91E8DECD00065073D /* LeadViewController.h */ = {isa = PBXFileReference; fileEncoding = 4; lastKnownFileType = sourcecode.c.h; path = LeadViewController.h; sourceTree = "<group>"; };
		FFDCB5AA1E8DECD00065073D /* LeadViewController.m */ = {isa = PBXFileReference; fileEncoding = 4; lastKnownFileType = sourcecode.c.objc; path = LeadViewController.m; sourceTree = "<group>"; };
		FFDCB5AB1E8DECD00065073D /* LeadViewController.xib */ = {isa = PBXFileReference; fileEncoding = 4; lastKnownFileType = file.xib; path = LeadViewController.xib; sourceTree = "<group>"; };
		FFDCB5AF1E8DF7AB0065073D /* lead@2x.png */ = {isa = PBXFileReference; lastKnownFileType = image.png; path = "lead@2x.png"; sourceTree = "<group>"; };
		FFDCB5B01E8DF7AB0065073D /* lead@3x.png */ = {isa = PBXFileReference; lastKnownFileType = image.png; path = "lead@3x.png"; sourceTree = "<group>"; };
		FFDCB5B31E8E39350065073D /* requestTimeOut@3x.png */ = {isa = PBXFileReference; lastKnownFileType = image.png; path = "requestTimeOut@3x.png"; sourceTree = "<group>"; };
		FFDCB5B41E8E39350065073D /* requestTimeOut@2x.png */ = {isa = PBXFileReference; lastKnownFileType = image.png; path = "requestTimeOut@2x.png"; sourceTree = "<group>"; };
		FFE53C2E1E13993C00CED6E9 /* libWeiboSDK.a */ = {isa = PBXFileReference; lastKnownFileType = archive.ar; path = libWeiboSDK.a; sourceTree = "<group>"; };
		FFE53C2F1E13993C00CED6E9 /* WBHttpRequest+WeiboGame.h */ = {isa = PBXFileReference; fileEncoding = 4; lastKnownFileType = sourcecode.c.h; path = "WBHttpRequest+WeiboGame.h"; sourceTree = "<group>"; };
		FFE53C301E13993C00CED6E9 /* WBHttpRequest+WeiboShare.h */ = {isa = PBXFileReference; fileEncoding = 4; lastKnownFileType = sourcecode.c.h; path = "WBHttpRequest+WeiboShare.h"; sourceTree = "<group>"; };
		FFE53C311E13993C00CED6E9 /* WBHttpRequest+WeiboToken.h */ = {isa = PBXFileReference; fileEncoding = 4; lastKnownFileType = sourcecode.c.h; path = "WBHttpRequest+WeiboToken.h"; sourceTree = "<group>"; };
		FFE53C321E13993C00CED6E9 /* WBHttpRequest+WeiboUser.h */ = {isa = PBXFileReference; fileEncoding = 4; lastKnownFileType = sourcecode.c.h; path = "WBHttpRequest+WeiboUser.h"; sourceTree = "<group>"; };
		FFE53C331E13993C00CED6E9 /* WBHttpRequest.h */ = {isa = PBXFileReference; fileEncoding = 4; lastKnownFileType = sourcecode.c.h; path = WBHttpRequest.h; sourceTree = "<group>"; };
		FFE53C341E13993C00CED6E9 /* WBSDKBasicButton.h */ = {isa = PBXFileReference; fileEncoding = 4; lastKnownFileType = sourcecode.c.h; path = WBSDKBasicButton.h; sourceTree = "<group>"; };
		FFE53C351E13993C00CED6E9 /* WBSDKCommentButton.h */ = {isa = PBXFileReference; fileEncoding = 4; lastKnownFileType = sourcecode.c.h; path = WBSDKCommentButton.h; sourceTree = "<group>"; };
		FFE53C361E13993C00CED6E9 /* WBSDKRelationshipButton.h */ = {isa = PBXFileReference; fileEncoding = 4; lastKnownFileType = sourcecode.c.h; path = WBSDKRelationshipButton.h; sourceTree = "<group>"; };
		FFE53C371E13993C00CED6E9 /* WeiboSDK+Statistics.h */ = {isa = PBXFileReference; fileEncoding = 4; lastKnownFileType = sourcecode.c.h; path = "WeiboSDK+Statistics.h"; sourceTree = "<group>"; };
		FFE53C381E13993C00CED6E9 /* WeiboSDK.bundle */ = {isa = PBXFileReference; lastKnownFileType = "wrapper.plug-in"; path = WeiboSDK.bundle; sourceTree = "<group>"; };
		FFE53C391E13993C00CED6E9 /* WeiboSDK.h */ = {isa = PBXFileReference; fileEncoding = 4; lastKnownFileType = sourcecode.c.h; path = WeiboSDK.h; sourceTree = "<group>"; };
		FFE53C3A1E13993C00CED6E9 /* WeiboUser.h */ = {isa = PBXFileReference; fileEncoding = 4; lastKnownFileType = sourcecode.c.h; path = WeiboUser.h; sourceTree = "<group>"; };
		FFE53C3D1E13A3AF00CED6E9 /* QuartzCore.framework */ = {isa = PBXFileReference; lastKnownFileType = wrapper.framework; name = QuartzCore.framework; path = System/Library/Frameworks/QuartzCore.framework; sourceTree = SDKROOT; };
		FFE53C3F1E13A3BC00CED6E9 /* ImageIO.framework */ = {isa = PBXFileReference; lastKnownFileType = wrapper.framework; name = ImageIO.framework; path = System/Library/Frameworks/ImageIO.framework; sourceTree = SDKROOT; };
		FFE53C411E13A3E200CED6E9 /* CoreText.framework */ = {isa = PBXFileReference; lastKnownFileType = wrapper.framework; name = CoreText.framework; path = System/Library/Frameworks/CoreText.framework; sourceTree = SDKROOT; };
		FFE53C431E13A40100CED6E9 /* UIKit.framework */ = {isa = PBXFileReference; lastKnownFileType = wrapper.framework; name = UIKit.framework; path = System/Library/Frameworks/UIKit.framework; sourceTree = SDKROOT; };
		FFE53C451E13A41000CED6E9 /* Foundation.framework */ = {isa = PBXFileReference; lastKnownFileType = wrapper.framework; name = Foundation.framework; path = System/Library/Frameworks/Foundation.framework; sourceTree = SDKROOT; };
		FFE53C471E13A41F00CED6E9 /* CoreGraphics.framework */ = {isa = PBXFileReference; lastKnownFileType = wrapper.framework; name = CoreGraphics.framework; path = System/Library/Frameworks/CoreGraphics.framework; sourceTree = SDKROOT; };
		FFE53C4A1E13BA3100CED6E9 /* TencentOpenAPI.framework */ = {isa = PBXFileReference; lastKnownFileType = wrapper.framework; path = TencentOpenAPI.framework; sourceTree = "<group>"; };
		FFE53C4B1E13BA3200CED6E9 /* TencentOpenApi_IOS_Bundle.bundle */ = {isa = PBXFileReference; lastKnownFileType = "wrapper.plug-in"; path = TencentOpenApi_IOS_Bundle.bundle; sourceTree = "<group>"; };
		FFE53C4E1E13BA5700CED6E9 /* libiconv.tbd */ = {isa = PBXFileReference; lastKnownFileType = "sourcecode.text-based-dylib-definition"; name = libiconv.tbd; path = usr/lib/libiconv.tbd; sourceTree = SDKROOT; };
/* End PBXFileReference section */

/* Begin PBXFrameworksBuildPhase section */
		FF2C0BCF1E0CFF8100B0657D /* Frameworks */ = {
			isa = PBXFrameworksBuildPhase;
			buildActionMask = 2147483647;
			files = (
				FF377D771E5AC38A00BC07B5 /* libresolv.tbd in Frameworks */,
				FF377D751E5AC36300BC07B5 /* UserNotifications.framework in Frameworks */,
				FF377D731E5AC35100BC07B5 /* AdSupport.framework in Frameworks */,
				FF377D711E5AC1A500BC07B5 /* CoreFoundation.framework in Frameworks */,
				FFE53C4F1E13BA5700CED6E9 /* libiconv.tbd in Frameworks */,
				FFE53C481E13A41F00CED6E9 /* CoreGraphics.framework in Frameworks */,
				FFE53C4C1E13BA3200CED6E9 /* TencentOpenAPI.framework in Frameworks */,
				FFE53C461E13A41000CED6E9 /* Foundation.framework in Frameworks */,
				FFE53C441E13A40100CED6E9 /* UIKit.framework in Frameworks */,
				FFE53C421E13A3E200CED6E9 /* CoreText.framework in Frameworks */,
				FFE53C401E13A3BC00CED6E9 /* ImageIO.framework in Frameworks */,
				FFE53C3E1E13A3AF00CED6E9 /* QuartzCore.framework in Frameworks */,
				FF2C0C571E0D010E00B0657D /* libsqlite3.tbd in Frameworks */,
				FF2C0C551E0D010400B0657D /* libz.tbd in Frameworks */,
				FF2C0C531E0D00F900B0657D /* libc++.tbd in Frameworks */,
				FF2C0C511E0D00DF00B0657D /* SystemConfiguration.framework in Frameworks */,
				FFE53C3B1E13993C00CED6E9 /* libWeiboSDK.a in Frameworks */,
				FF377D6E1E5AC15C00BC07B5 /* jcore-ios-1.1.1.a in Frameworks */,
				FF2C0C4F1E0D00CA00B0657D /* Security.framework in Frameworks */,
				FF2C0C4D1E0D00B200B0657D /* CoreTelephony.framework in Frameworks */,
				FF2C0C4B1E0D009C00B0657D /* CFNetwork.framework in Frameworks */,
				FF2C0C451E0CFFF400B0657D /* libWeChatSDK.a in Frameworks */,
				FF377D6F1E5AC15C00BC07B5 /* jpush-ios-3.0.2.a in Frameworks */,
				0F409BD4708B3FE94062B93A /* libPods-FenXiaoBao.a in Frameworks */,
			);
			runOnlyForDeploymentPostprocessing = 0;
		};
		FF2C0BE81E0CFF8100B0657D /* Frameworks */ = {
			isa = PBXFrameworksBuildPhase;
			buildActionMask = 2147483647;
			files = (
			);
			runOnlyForDeploymentPostprocessing = 0;
		};
		FF2C0BF31E0CFF8100B0657D /* Frameworks */ = {
			isa = PBXFrameworksBuildPhase;
			buildActionMask = 2147483647;
			files = (
			);
			runOnlyForDeploymentPostprocessing = 0;
		};
/* End PBXFrameworksBuildPhase section */

/* Begin PBXGroup section */
		0F9BE591FAC94240035B0B4F /* Pods */ = {
			isa = PBXGroup;
			children = (
				96281B310A1383C9148CA02F /* Pods-FenXiaoBao.debug.xcconfig */,
				D2FA461D5BB2421D9BC961FD /* Pods-FenXiaoBao.release.xcconfig */,
			);
			name = Pods;
			sourceTree = "<group>";
		};
		FF2C0BC91E0CFF8100B0657D = {
			isa = PBXGroup;
			children = (
				FFC0D01E1E5A99C700525A80 /* FenXiaoBao.entitlements */,
				FF2C0BD41E0CFF8100B0657D /* FenXiangBao */,
				FF2C0BEE1E0CFF8100B0657D /* FenXiangBaoTests */,
				FF2C0BF91E0CFF8100B0657D /* FenXiangBaoUITests */,
				FF2C0BD31E0CFF8100B0657D /* Products */,
				FF2C0C491E0D009C00B0657D /* Frameworks */,
				0F9BE591FAC94240035B0B4F /* Pods */,
			);
			sourceTree = "<group>";
		};
		FF2C0BD31E0CFF8100B0657D /* Products */ = {
			isa = PBXGroup;
			children = (
				FF2C0BD21E0CFF8100B0657D /* FenXiaoBao.app */,
				FF2C0BEB1E0CFF8100B0657D /* FenXiaoBaoTests.xctest */,
				FF2C0BF61E0CFF8100B0657D /* FenXiaoBaoUITests.xctest */,
			);
			name = Products;
			sourceTree = "<group>";
		};
		FF2C0BD41E0CFF8100B0657D /* FenXiangBao */ = {
			isa = PBXGroup;
			children = (
				FFC4FBD61E8F843700C9F786 /* test2.html */,
				FFC4FBD71E8F843700C9F786 /* test1.html */,
				FFDCB5AE1E8DF7AB0065073D /* Images */,
				FF377D6A1E5AC15C00BC07B5 /* JPush-iOS-SDK */,
				FFE53C491E13BA3100CED6E9 /* QQSDK */,
				FFE53C2D1E13993C00CED6E9 /* libWeiboSDK */,
				FF2C0C2E1E0CFFF400B0657D /* WechatSDK1.7.5 */,
				FF2C0C0A1E0CFFF400B0657D /* macro.h */,
				FF2C0C0C1E0CFFF400B0657D /* Common */,
				FFDCB5A91E8DECD00065073D /* LeadViewController.h */,
				FFDCB5AA1E8DECD00065073D /* LeadViewController.m */,
				FFDCB5AB1E8DECD00065073D /* LeadViewController.xib */,
				FF2C0C0B1E0CFFF400B0657D /* HomeViewController.h */,
				FF2C0C081E0CFFF400B0657D /* HomeViewController.m */,
				FF2C0C091E0CFFF400B0657D /* HomeViewController.xib */,
				FF2C0BD81E0CFF8100B0657D /* AppDelegate.h */,
				FF2C0BD91E0CFF8100B0657D /* AppDelegate.m */,
				FF2C0BDB1E0CFF8100B0657D /* ViewController.h */,
				FF2C0BDC1E0CFF8100B0657D /* ViewController.m */,
				FF2C0BDE1E0CFF8100B0657D /* Main.storyboard */,
				FF2C0BE11E0CFF8100B0657D /* Assets.xcassets */,
				FF2C0BE31E0CFF8100B0657D /* LaunchScreen.storyboard */,
				FF2C0BE61E0CFF8100B0657D /* Info.plist */,
				FF2C0C471E0D005200B0657D /* Images.xcassets */,
				FF2C0BD51E0CFF8100B0657D /* Supporting Files */,
			);
			path = FenXiangBao;
			sourceTree = "<group>";
		};
		FF2C0BD51E0CFF8100B0657D /* Supporting Files */ = {
			isa = PBXGroup;
			children = (
				FF2C0BD61E0CFF8100B0657D /* main.m */,
			);
			name = "Supporting Files";
			sourceTree = "<group>";
		};
		FF2C0BEE1E0CFF8100B0657D /* FenXiangBaoTests */ = {
			isa = PBXGroup;
			children = (
				FF2C0BEF1E0CFF8100B0657D /* FenXiangBaoTests.m */,
				FF2C0BF11E0CFF8100B0657D /* Info.plist */,
			);
			path = FenXiangBaoTests;
			sourceTree = "<group>";
		};
		FF2C0BF91E0CFF8100B0657D /* FenXiangBaoUITests */ = {
			isa = PBXGroup;
			children = (
				FF2C0BFA1E0CFF8100B0657D /* FenXiangBaoUITests.m */,
				FF2C0BFC1E0CFF8100B0657D /* Info.plist */,
			);
			path = FenXiangBaoUITests;
			sourceTree = "<group>";
		};
		FF2C0C0C1E0CFFF400B0657D /* Common */ = {
			isa = PBXGroup;
			children = (
				FF377D081E5AC0FF00BC07B5 /* NSURLRequest+SSL.m */,
				FF377D091E5AC0FF00BC07B5 /* NSURLRequest+SSL.h */,
				FF2C0C0D1E0CFFF400B0657D /* NSDictionary */,
				FF2C0C101E0CFFF400B0657D /* SDWebImage */,
			);
			path = Common;
			sourceTree = "<group>";
		};
		FF2C0C0D1E0CFFF400B0657D /* NSDictionary */ = {
			isa = PBXGroup;
			children = (
				FF2C0C0E1E0CFFF400B0657D /* NSDictionary+NSNull.h */,
				FF2C0C0F1E0CFFF400B0657D /* NSDictionary+NSNull.m */,
			);
			path = NSDictionary;
			sourceTree = "<group>";
		};
		FF2C0C101E0CFFF400B0657D /* SDWebImage */ = {
			isa = PBXGroup;
			children = (
				FF2C0C111E0CFFF400B0657D /* NSData+ImageContentType.h */,
				FF2C0C121E0CFFF400B0657D /* NSData+ImageContentType.m */,
				FF2C0C131E0CFFF400B0657D /* SDImageCache.h */,
				FF2C0C141E0CFFF400B0657D /* SDImageCache.m */,
				FF2C0C151E0CFFF400B0657D /* SDWebImageCompat.h */,
				FF2C0C161E0CFFF400B0657D /* SDWebImageCompat.m */,
				FF2C0C171E0CFFF400B0657D /* SDWebImageDecoder.h */,
				FF2C0C181E0CFFF400B0657D /* SDWebImageDecoder.m */,
				FF2C0C191E0CFFF400B0657D /* SDWebImageDownloader.h */,
				FF2C0C1A1E0CFFF400B0657D /* SDWebImageDownloader.m */,
				FF2C0C1B1E0CFFF400B0657D /* SDWebImageDownloaderOperation.h */,
				FF2C0C1C1E0CFFF400B0657D /* SDWebImageDownloaderOperation.m */,
				FF2C0C1D1E0CFFF400B0657D /* SDWebImageManager.h */,
				FF2C0C1E1E0CFFF400B0657D /* SDWebImageManager.m */,
				FF2C0C1F1E0CFFF400B0657D /* SDWebImageOperation.h */,
				FF2C0C201E0CFFF400B0657D /* SDWebImagePrefetcher.h */,
				FF2C0C211E0CFFF400B0657D /* SDWebImagePrefetcher.m */,
				FF2C0C221E0CFFF400B0657D /* UIButton+WebCache.h */,
				FF2C0C231E0CFFF400B0657D /* UIButton+WebCache.m */,
				FF2C0C241E0CFFF400B0657D /* UIImage+GIF.h */,
				FF2C0C251E0CFFF400B0657D /* UIImage+GIF.m */,
				FF2C0C261E0CFFF400B0657D /* UIImage+MultiFormat.h */,
				FF2C0C271E0CFFF400B0657D /* UIImage+MultiFormat.m */,
				FF2C0C281E0CFFF400B0657D /* UIImageView+HighlightedWebCache.h */,
				FF2C0C291E0CFFF400B0657D /* UIImageView+HighlightedWebCache.m */,
				FF2C0C2A1E0CFFF400B0657D /* UIImageView+WebCache.h */,
				FF2C0C2B1E0CFFF400B0657D /* UIImageView+WebCache.m */,
				FF2C0C2C1E0CFFF400B0657D /* UIView+WebCacheOperation.h */,
				FF2C0C2D1E0CFFF400B0657D /* UIView+WebCacheOperation.m */,
			);
			path = SDWebImage;
			sourceTree = "<group>";
		};
		FF2C0C2E1E0CFFF400B0657D /* WechatSDK1.7.5 */ = {
			isa = PBXGroup;
			children = (
				FF2C0C2F1E0CFFF400B0657D /* libWeChatSDK.a */,
				FF2C0C301E0CFFF400B0657D /* README.txt */,
				FF2C0C311E0CFFF400B0657D /* WechatAuthSDK.h */,
				FF2C0C321E0CFFF400B0657D /* WXApi.h */,
				FF2C0C331E0CFFF400B0657D /* WXApiObject.h */,
			);
			path = WechatSDK1.7.5;
			sourceTree = "<group>";
		};
		FF2C0C491E0D009C00B0657D /* Frameworks */ = {
			isa = PBXGroup;
			children = (
				FF377D761E5AC38A00BC07B5 /* libresolv.tbd */,
				FF377D741E5AC36300BC07B5 /* UserNotifications.framework */,
				FF377D721E5AC35100BC07B5 /* AdSupport.framework */,
				FF377D701E5AC1A400BC07B5 /* CoreFoundation.framework */,
				FFE53C4E1E13BA5700CED6E9 /* libiconv.tbd */,
				FFE53C471E13A41F00CED6E9 /* CoreGraphics.framework */,
				FFE53C451E13A41000CED6E9 /* Foundation.framework */,
				FFE53C431E13A40100CED6E9 /* UIKit.framework */,
				FFE53C411E13A3E200CED6E9 /* CoreText.framework */,
				FFE53C3F1E13A3BC00CED6E9 /* ImageIO.framework */,
				FFE53C3D1E13A3AF00CED6E9 /* QuartzCore.framework */,
				FF2C0C561E0D010E00B0657D /* libsqlite3.tbd */,
				FF2C0C541E0D010400B0657D /* libz.tbd */,
				FF2C0C521E0D00F900B0657D /* libc++.tbd */,
				FF2C0C501E0D00DF00B0657D /* SystemConfiguration.framework */,
				FF2C0C4E1E0D00CA00B0657D /* Security.framework */,
				FF2C0C4C1E0D00B200B0657D /* CoreTelephony.framework */,
				FF2C0C4A1E0D009C00B0657D /* CFNetwork.framework */,
				5AAA8A9FD246248B887E76B7 /* libPods-FenXiaoBao.a */,
			);
			name = Frameworks;
			sourceTree = "<group>";
		};
		FF377D6A1E5AC15C00BC07B5 /* JPush-iOS-SDK */ = {
			isa = PBXGroup;
			children = (
				FF377D6B1E5AC15C00BC07B5 /* jcore-ios-1.1.1.a */,
				FF377D6C1E5AC15C00BC07B5 /* jpush-ios-3.0.2.a */,
				FF377D6D1E5AC15C00BC07B5 /* JPUSHService.h */,
			);
			path = "JPush-iOS-SDK";
			sourceTree = "<group>";
		};
		FFDCB5AE1E8DF7AB0065073D /* Images */ = {
			isa = PBXGroup;
			children = (
				FFDCB5B31E8E39350065073D /* requestTimeOut@3x.png */,
				FFDCB5B41E8E39350065073D /* requestTimeOut@2x.png */,
				FFDCB5AF1E8DF7AB0065073D /* lead@2x.png */,
				FFDCB5B01E8DF7AB0065073D /* lead@3x.png */,
			);
			path = Images;
			sourceTree = "<group>";
		};
		FFE53C2D1E13993C00CED6E9 /* libWeiboSDK */ = {
			isa = PBXGroup;
			children = (
				FFE53C2E1E13993C00CED6E9 /* libWeiboSDK.a */,
				FFE53C2F1E13993C00CED6E9 /* WBHttpRequest+WeiboGame.h */,
				FFE53C301E13993C00CED6E9 /* WBHttpRequest+WeiboShare.h */,
				FFE53C311E13993C00CED6E9 /* WBHttpRequest+WeiboToken.h */,
				FFE53C321E13993C00CED6E9 /* WBHttpRequest+WeiboUser.h */,
				FFE53C331E13993C00CED6E9 /* WBHttpRequest.h */,
				FFE53C341E13993C00CED6E9 /* WBSDKBasicButton.h */,
				FFE53C351E13993C00CED6E9 /* WBSDKCommentButton.h */,
				FFE53C361E13993C00CED6E9 /* WBSDKRelationshipButton.h */,
				FFE53C371E13993C00CED6E9 /* WeiboSDK+Statistics.h */,
				FFE53C381E13993C00CED6E9 /* WeiboSDK.bundle */,
				FFE53C391E13993C00CED6E9 /* WeiboSDK.h */,
				FFE53C3A1E13993C00CED6E9 /* WeiboUser.h */,
			);
			path = libWeiboSDK;
			sourceTree = "<group>";
		};
		FFE53C491E13BA3100CED6E9 /* QQSDK */ = {
			isa = PBXGroup;
			children = (
				FFE53C4A1E13BA3100CED6E9 /* TencentOpenAPI.framework */,
				FFE53C4B1E13BA3200CED6E9 /* TencentOpenApi_IOS_Bundle.bundle */,
			);
			path = QQSDK;
			sourceTree = "<group>";
		};
/* End PBXGroup section */

/* Begin PBXNativeTarget section */
		FF2C0BD11E0CFF8100B0657D /* FenXiaoBao */ = {
			isa = PBXNativeTarget;
			buildConfigurationList = FF2C0BFF1E0CFF8100B0657D /* Build configuration list for PBXNativeTarget "FenXiaoBao" */;
			buildPhases = (
				D97585F982E4C2B8E1F22C1A /* [CP] Check Pods Manifest.lock */,
				FF2C0BCE1E0CFF8100B0657D /* Sources */,
				FF2C0BCF1E0CFF8100B0657D /* Frameworks */,
				FF2C0BD01E0CFF8100B0657D /* Resources */,
				D5AF4725C9DFAD9D99E0AE2B /* [CP] Embed Pods Frameworks */,
				F285366CE005B97427B80F0E /* [CP] Copy Pods Resources */,
			);
			buildRules = (
			);
			dependencies = (
			);
			name = FenXiaoBao;
			productName = FenXiangBao;
			productReference = FF2C0BD21E0CFF8100B0657D /* FenXiaoBao.app */;
			productType = "com.apple.product-type.application";
		};
		FF2C0BEA1E0CFF8100B0657D /* FenXiaoBaoTests */ = {
			isa = PBXNativeTarget;
			buildConfigurationList = FF2C0C021E0CFF8100B0657D /* Build configuration list for PBXNativeTarget "FenXiaoBaoTests" */;
			buildPhases = (
				FF2C0BE71E0CFF8100B0657D /* Sources */,
				FF2C0BE81E0CFF8100B0657D /* Frameworks */,
				FF2C0BE91E0CFF8100B0657D /* Resources */,
			);
			buildRules = (
			);
			dependencies = (
				FF2C0BED1E0CFF8100B0657D /* PBXTargetDependency */,
			);
			name = FenXiaoBaoTests;
			productName = FenXiangBaoTests;
			productReference = FF2C0BEB1E0CFF8100B0657D /* FenXiaoBaoTests.xctest */;
			productType = "com.apple.product-type.bundle.unit-test";
		};
		FF2C0BF51E0CFF8100B0657D /* FenXiaoBaoUITests */ = {
			isa = PBXNativeTarget;
			buildConfigurationList = FF2C0C051E0CFF8100B0657D /* Build configuration list for PBXNativeTarget "FenXiaoBaoUITests" */;
			buildPhases = (
				FF2C0BF21E0CFF8100B0657D /* Sources */,
				FF2C0BF31E0CFF8100B0657D /* Frameworks */,
				FF2C0BF41E0CFF8100B0657D /* Resources */,
			);
			buildRules = (
			);
			dependencies = (
				FF2C0BF81E0CFF8100B0657D /* PBXTargetDependency */,
			);
			name = FenXiaoBaoUITests;
			productName = FenXiangBaoUITests;
			productReference = FF2C0BF61E0CFF8100B0657D /* FenXiaoBaoUITests.xctest */;
			productType = "com.apple.product-type.bundle.ui-testing";
		};
/* End PBXNativeTarget section */

/* Begin PBXProject section */
		FF2C0BCA1E0CFF8100B0657D /* Project object */ = {
			isa = PBXProject;
			attributes = {
				LastUpgradeCheck = 0810;
				ORGANIZATIONNAME = Yulinpo;
				TargetAttributes = {
					FF2C0BD11E0CFF8100B0657D = {
						CreatedOnToolsVersion = 8.1;
						DevelopmentTeam = RSS58UZ4J5;
						ProvisioningStyle = Manual;
						SystemCapabilities = {
							com.apple.BackgroundModes = {
								enabled = 1;
							};
							com.apple.Push = {
								enabled = 1;
							};
						};
					};
					FF2C0BEA1E0CFF8100B0657D = {
						CreatedOnToolsVersion = 8.1;
						DevelopmentTeam = RSS58UZ4J5;
						ProvisioningStyle = Automatic;
						TestTargetID = FF2C0BD11E0CFF8100B0657D;
					};
					FF2C0BF51E0CFF8100B0657D = {
						CreatedOnToolsVersion = 8.1;
						DevelopmentTeam = RSS58UZ4J5;
						ProvisioningStyle = Automatic;
						TestTargetID = FF2C0BD11E0CFF8100B0657D;
					};
				};
			};
			buildConfigurationList = FF2C0BCD1E0CFF8100B0657D /* Build configuration list for PBXProject "FenXiaoBao" */;
			compatibilityVersion = "Xcode 3.2";
			developmentRegion = English;
			hasScannedForEncodings = 0;
			knownRegions = (
				en,
				Base,
			);
			mainGroup = FF2C0BC91E0CFF8100B0657D;
			productRefGroup = FF2C0BD31E0CFF8100B0657D /* Products */;
			projectDirPath = "";
			projectRoot = "";
			targets = (
				FF2C0BD11E0CFF8100B0657D /* FenXiaoBao */,
				FF2C0BEA1E0CFF8100B0657D /* FenXiaoBaoTests */,
				FF2C0BF51E0CFF8100B0657D /* FenXiaoBaoUITests */,
			);
		};
/* End PBXProject section */

/* Begin PBXResourcesBuildPhase section */
		FF2C0BD01E0CFF8100B0657D /* Resources */ = {
			isa = PBXResourcesBuildPhase;
			buildActionMask = 2147483647;
			files = (
				FFE53C4D1E13BA3200CED6E9 /* TencentOpenApi_IOS_Bundle.bundle in Resources */,
				FF2C0BE51E0CFF8100B0657D /* LaunchScreen.storyboard in Resources */,
				FFDCB5B11E8DF7AB0065073D /* lead@2x.png in Resources */,
				FFDCB5B51E8E39350065073D /* requestTimeOut@3x.png in Resources */,
				FF2C0BE21E0CFF8100B0657D /* Assets.xcassets in Resources */,
				FFC4FBD81E8F843700C9F786 /* test2.html in Resources */,
				FFDCB5AD1E8DECD00065073D /* LeadViewController.xib in Resources */,
				FF2C0BE01E0CFF8100B0657D /* Main.storyboard in Resources */,
				FFC4FBD91E8F843700C9F786 /* test1.html in Resources */,
				FF2C0C481E0D005200B0657D /* Images.xcassets in Resources */,
				FFE53C3C1E13993C00CED6E9 /* WeiboSDK.bundle in Resources */,
				FFDCB5B61E8E39350065073D /* requestTimeOut@2x.png in Resources */,
				FF2C0C351E0CFFF400B0657D /* HomeViewController.xib in Resources */,
				FF2C0C461E0CFFF400B0657D /* README.txt in Resources */,
				FFDCB5B21E8DF7AB0065073D /* lead@3x.png in Resources */,
			);
			runOnlyForDeploymentPostprocessing = 0;
		};
		FF2C0BE91E0CFF8100B0657D /* Resources */ = {
			isa = PBXResourcesBuildPhase;
			buildActionMask = 2147483647;
			files = (
			);
			runOnlyForDeploymentPostprocessing = 0;
		};
		FF2C0BF41E0CFF8100B0657D /* Resources */ = {
			isa = PBXResourcesBuildPhase;
			buildActionMask = 2147483647;
			files = (
			);
			runOnlyForDeploymentPostprocessing = 0;
		};
/* End PBXResourcesBuildPhase section */

/* Begin PBXShellScriptBuildPhase section */
		D5AF4725C9DFAD9D99E0AE2B /* [CP] Embed Pods Frameworks */ = {
			isa = PBXShellScriptBuildPhase;
			buildActionMask = 2147483647;
			files = (
			);
			inputPaths = (
			);
			name = "[CP] Embed Pods Frameworks";
			outputPaths = (
			);
			runOnlyForDeploymentPostprocessing = 0;
			shellPath = /bin/sh;
			shellScript = "\"${SRCROOT}/Pods/Target Support Files/Pods-FenXiaoBao/Pods-FenXiaoBao-frameworks.sh\"\n";
			showEnvVarsInLog = 0;
		};
		D97585F982E4C2B8E1F22C1A /* [CP] Check Pods Manifest.lock */ = {
			isa = PBXShellScriptBuildPhase;
			buildActionMask = 2147483647;
			files = (
			);
			inputPaths = (
			);
			name = "[CP] Check Pods Manifest.lock";
			outputPaths = (
			);
			runOnlyForDeploymentPostprocessing = 0;
			shellPath = /bin/sh;
			shellScript = "diff \"${PODS_ROOT}/../Podfile.lock\" \"${PODS_ROOT}/Manifest.lock\" > /dev/null\nif [ $? != 0 ] ; then\n    # print error to STDERR\n    echo \"error: The sandbox is not in sync with the Podfile.lock. Run 'pod install' or update your CocoaPods installation.\" >&2\n    exit 1\nfi\n";
			showEnvVarsInLog = 0;
		};
		F285366CE005B97427B80F0E /* [CP] Copy Pods Resources */ = {
			isa = PBXShellScriptBuildPhase;
			buildActionMask = 2147483647;
			files = (
			);
			inputPaths = (
			);
			name = "[CP] Copy Pods Resources";
			outputPaths = (
			);
			runOnlyForDeploymentPostprocessing = 0;
			shellPath = /bin/sh;
			shellScript = "\"${SRCROOT}/Pods/Target Support Files/Pods-FenXiaoBao/Pods-FenXiaoBao-resources.sh\"\n";
			showEnvVarsInLog = 0;
		};
/* End PBXShellScriptBuildPhase section */

/* Begin PBXSourcesBuildPhase section */
		FF2C0BCE1E0CFF8100B0657D /* Sources */ = {
			isa = PBXSourcesBuildPhase;
			buildActionMask = 2147483647;
			files = (
				FF2C0C421E0CFFF400B0657D /* UIImageView+HighlightedWebCache.m in Sources */,
				FFDCB5AC1E8DECD00065073D /* LeadViewController.m in Sources */,
				FF2C0C411E0CFFF400B0657D /* UIImage+MultiFormat.m in Sources */,
				FF2C0C3C1E0CFFF400B0657D /* SDWebImageDownloaderOperation.m in Sources */,
				FF2C0BDD1E0CFF8100B0657D /* ViewController.m in Sources */,
				FF2C0C391E0CFFF400B0657D /* SDWebImageCompat.m in Sources */,
				FF2C0C441E0CFFF400B0657D /* UIView+WebCacheOperation.m in Sources */,
				FF2C0C401E0CFFF400B0657D /* UIImage+GIF.m in Sources */,
				FF377D0A1E5AC0FF00BC07B5 /* NSURLRequest+SSL.m in Sources */,
				FF2C0C3E1E0CFFF400B0657D /* SDWebImagePrefetcher.m in Sources */,
				FF2C0BDA1E0CFF8100B0657D /* AppDelegate.m in Sources */,
				FF2C0C361E0CFFF400B0657D /* NSDictionary+NSNull.m in Sources */,
				FF2C0C3B1E0CFFF400B0657D /* SDWebImageDownloader.m in Sources */,
				FF2C0C3F1E0CFFF400B0657D /* UIButton+WebCache.m in Sources */,
				FF2C0BD71E0CFF8100B0657D /* main.m in Sources */,
				FF2C0C371E0CFFF400B0657D /* NSData+ImageContentType.m in Sources */,
				FF2C0C341E0CFFF400B0657D /* HomeViewController.m in Sources */,
				FF2C0C431E0CFFF400B0657D /* UIImageView+WebCache.m in Sources */,
				FF2C0C3D1E0CFFF400B0657D /* SDWebImageManager.m in Sources */,
				FF2C0C3A1E0CFFF400B0657D /* SDWebImageDecoder.m in Sources */,
				FF2C0C381E0CFFF400B0657D /* SDImageCache.m in Sources */,
			);
			runOnlyForDeploymentPostprocessing = 0;
		};
		FF2C0BE71E0CFF8100B0657D /* Sources */ = {
			isa = PBXSourcesBuildPhase;
			buildActionMask = 2147483647;
			files = (
				FF2C0BF01E0CFF8100B0657D /* FenXiangBaoTests.m in Sources */,
			);
			runOnlyForDeploymentPostprocessing = 0;
		};
		FF2C0BF21E0CFF8100B0657D /* Sources */ = {
			isa = PBXSourcesBuildPhase;
			buildActionMask = 2147483647;
			files = (
				FF2C0BFB1E0CFF8100B0657D /* FenXiangBaoUITests.m in Sources */,
			);
			runOnlyForDeploymentPostprocessing = 0;
		};
/* End PBXSourcesBuildPhase section */

/* Begin PBXTargetDependency section */
		FF2C0BED1E0CFF8100B0657D /* PBXTargetDependency */ = {
			isa = PBXTargetDependency;
			target = FF2C0BD11E0CFF8100B0657D /* FenXiaoBao */;
			targetProxy = FF2C0BEC1E0CFF8100B0657D /* PBXContainerItemProxy */;
		};
		FF2C0BF81E0CFF8100B0657D /* PBXTargetDependency */ = {
			isa = PBXTargetDependency;
			target = FF2C0BD11E0CFF8100B0657D /* FenXiaoBao */;
			targetProxy = FF2C0BF71E0CFF8100B0657D /* PBXContainerItemProxy */;
		};
/* End PBXTargetDependency section */

/* Begin PBXVariantGroup section */
		FF2C0BDE1E0CFF8100B0657D /* Main.storyboard */ = {
			isa = PBXVariantGroup;
			children = (
				FF2C0BDF1E0CFF8100B0657D /* Base */,
			);
			name = Main.storyboard;
			sourceTree = "<group>";
		};
		FF2C0BE31E0CFF8100B0657D /* LaunchScreen.storyboard */ = {
			isa = PBXVariantGroup;
			children = (
				FF2C0BE41E0CFF8100B0657D /* Base */,
			);
			name = LaunchScreen.storyboard;
			sourceTree = "<group>";
		};
/* End PBXVariantGroup section */

/* Begin XCBuildConfiguration section */
		FF2C0BFD1E0CFF8100B0657D /* Debug */ = {
			isa = XCBuildConfiguration;
			buildSettings = {
				ALWAYS_SEARCH_USER_PATHS = NO;
				CLANG_ANALYZER_NONNULL = YES;
				CLANG_CXX_LANGUAGE_STANDARD = "gnu++0x";
				CLANG_CXX_LIBRARY = "libc++";
				CLANG_ENABLE_MODULES = YES;
				CLANG_ENABLE_OBJC_ARC = YES;
				CLANG_WARN_BOOL_CONVERSION = YES;
				CLANG_WARN_CONSTANT_CONVERSION = YES;
				CLANG_WARN_DIRECT_OBJC_ISA_USAGE = YES_ERROR;
				CLANG_WARN_DOCUMENTATION_COMMENTS = YES;
				CLANG_WARN_EMPTY_BODY = YES;
				CLANG_WARN_ENUM_CONVERSION = YES;
				CLANG_WARN_INFINITE_RECURSION = YES;
				CLANG_WARN_INT_CONVERSION = YES;
				CLANG_WARN_OBJC_ROOT_CLASS = YES_ERROR;
				CLANG_WARN_SUSPICIOUS_MOVES = YES;
				CLANG_WARN_UNREACHABLE_CODE = YES;
				CLANG_WARN__DUPLICATE_METHOD_MATCH = YES;
				CODE_SIGN_IDENTITY = "iPhone Distribution: Shanghai Visionet lnformation Technology Corp.,Ltd.";
				"CODE_SIGN_IDENTITY[sdk=iphoneos*]" = "iPhone Distribution: Shanghai Visionet lnformation Technology Corp.,Ltd.";
				COPY_PHASE_STRIP = NO;
				DEBUG_INFORMATION_FORMAT = dwarf;
				DEVELOPMENT_TEAM = RSS58UZ4J5;
				ENABLE_STRICT_OBJC_MSGSEND = YES;
				ENABLE_TESTABILITY = YES;
				GCC_C_LANGUAGE_STANDARD = gnu99;
				GCC_DYNAMIC_NO_PIC = NO;
				GCC_NO_COMMON_BLOCKS = YES;
				GCC_OPTIMIZATION_LEVEL = 0;
				GCC_PREPROCESSOR_DEFINITIONS = (
					"DEBUG=1",
					"$(inherited)",
				);
				GCC_WARN_64_TO_32_BIT_CONVERSION = YES;
				GCC_WARN_ABOUT_RETURN_TYPE = YES_ERROR;
				GCC_WARN_UNDECLARED_SELECTOR = YES;
				GCC_WARN_UNINITIALIZED_AUTOS = YES_AGGRESSIVE;
				GCC_WARN_UNUSED_FUNCTION = YES;
				GCC_WARN_UNUSED_VARIABLE = YES;
				IPHONEOS_DEPLOYMENT_TARGET = 10.1;
				MTL_ENABLE_DEBUG_INFO = YES;
				ONLY_ACTIVE_ARCH = YES;
				OTHER_LDFLAGS = (
					"-Objc",
					"-all_load",
				);
				SDKROOT = iphoneos;
				TARGETED_DEVICE_FAMILY = "1,2";
			};
			name = Debug;
		};
		FF2C0BFE1E0CFF8100B0657D /* Release */ = {
			isa = XCBuildConfiguration;
			buildSettings = {
				ALWAYS_SEARCH_USER_PATHS = NO;
				CLANG_ANALYZER_NONNULL = YES;
				CLANG_CXX_LANGUAGE_STANDARD = "gnu++0x";
				CLANG_CXX_LIBRARY = "libc++";
				CLANG_ENABLE_MODULES = YES;
				CLANG_ENABLE_OBJC_ARC = YES;
				CLANG_WARN_BOOL_CONVERSION = YES;
				CLANG_WARN_CONSTANT_CONVERSION = YES;
				CLANG_WARN_DIRECT_OBJC_ISA_USAGE = YES_ERROR;
				CLANG_WARN_DOCUMENTATION_COMMENTS = YES;
				CLANG_WARN_EMPTY_BODY = YES;
				CLANG_WARN_ENUM_CONVERSION = YES;
				CLANG_WARN_INFINITE_RECURSION = YES;
				CLANG_WARN_INT_CONVERSION = YES;
				CLANG_WARN_OBJC_ROOT_CLASS = YES_ERROR;
				CLANG_WARN_SUSPICIOUS_MOVES = YES;
				CLANG_WARN_UNREACHABLE_CODE = YES;
				CLANG_WARN__DUPLICATE_METHOD_MATCH = YES;
				CODE_SIGN_IDENTITY = "iPhone Distribution: Shanghai Visionet lnformation Technology Corp.,Ltd.";
				"CODE_SIGN_IDENTITY[sdk=iphoneos*]" = "iPhone Distribution: Shanghai Visionet lnformation Technology Corp.,Ltd.";
				COPY_PHASE_STRIP = NO;
				DEBUG_INFORMATION_FORMAT = "dwarf-with-dsym";
				DEVELOPMENT_TEAM = RSS58UZ4J5;
				ENABLE_NS_ASSERTIONS = NO;
				ENABLE_STRICT_OBJC_MSGSEND = YES;
				GCC_C_LANGUAGE_STANDARD = gnu99;
				GCC_NO_COMMON_BLOCKS = YES;
				GCC_WARN_64_TO_32_BIT_CONVERSION = YES;
				GCC_WARN_ABOUT_RETURN_TYPE = YES_ERROR;
				GCC_WARN_UNDECLARED_SELECTOR = YES;
				GCC_WARN_UNINITIALIZED_AUTOS = YES_AGGRESSIVE;
				GCC_WARN_UNUSED_FUNCTION = YES;
				GCC_WARN_UNUSED_VARIABLE = YES;
				IPHONEOS_DEPLOYMENT_TARGET = 10.1;
				MTL_ENABLE_DEBUG_INFO = NO;
				OTHER_LDFLAGS = (
					"-Objc",
					"-all_load",
				);
				SDKROOT = iphoneos;
				TARGETED_DEVICE_FAMILY = "1,2";
				VALIDATE_PRODUCT = YES;
			};
			name = Release;
		};
		FF2C0C001E0CFF8100B0657D /* Debug */ = {
			isa = XCBuildConfiguration;
			baseConfigurationReference = 96281B310A1383C9148CA02F /* Pods-FenXiaoBao.debug.xcconfig */;
			buildSettings = {
				ASSETCATALOG_COMPILER_APPICON_NAME = AppIcon;
				ASSETCATALOG_COMPILER_LAUNCHIMAGE_NAME = LaunchImage;
				CODE_SIGN_ENTITLEMENTS = FenXiaoBao.entitlements;
				CODE_SIGN_IDENTITY = "iPhone Distribution: Shanghai Visionet lnformation Technology Corp.,Ltd.";
				"CODE_SIGN_IDENTITY[sdk=iphoneos*]" = "iPhone Distribution: Shanghai Visionet lnformation Technology Corp.,Ltd.";
				DEVELOPMENT_TEAM = RSS58UZ4J5;
				FRAMEWORK_SEARCH_PATHS = (
					"$(inherited)",
					"$(PROJECT_DIR)/FenXiangBao/QQSDK",
				);
				INFOPLIST_FILE = FenXiangBao/Info.plist;
				IPHONEOS_DEPLOYMENT_TARGET = 7.0;
				LD_RUNPATH_SEARCH_PATHS = "$(inherited) @executable_path/Frameworks";
				LIBRARY_SEARCH_PATHS = (
					"$(inherited)",
					"$(PROJECT_DIR)/FenXiangBao/WechatSDK1.7.5",
					"$(PROJECT_DIR)/FenXiangBao/libWeiboSDK",
					"$(PROJECT_DIR)/FenXiangBao/JPush-iOS-SDK/Lib",
					"$(PROJECT_DIR)/FenXiangBao/JPush-iOS-SDK",
				);
				PRODUCT_BUNDLE_IDENTIFIER = com.visionet.fenxiangbaoProj;
				PRODUCT_NAME = "$(TARGET_NAME)";
				PROVISIONING_PROFILE = "4b8fff74-093a-4781-9c29-d2c7833a98cf";
				PROVISIONING_PROFILE_SPECIFIER = FenxiangBaoApp_Dis;
			};
			name = Debug;
		};
		FF2C0C011E0CFF8100B0657D /* Release */ = {
			isa = XCBuildConfiguration;
			baseConfigurationReference = D2FA461D5BB2421D9BC961FD /* Pods-FenXiaoBao.release.xcconfig */;
			buildSettings = {
				ASSETCATALOG_COMPILER_APPICON_NAME = AppIcon;
				ASSETCATALOG_COMPILER_LAUNCHIMAGE_NAME = LaunchImage;
				CODE_SIGN_ENTITLEMENTS = FenXiaoBao.entitlements;
				CODE_SIGN_IDENTITY = "iPhone Distribution: Shanghai Visionet lnformation Technology Corp.,Ltd.";
				"CODE_SIGN_IDENTITY[sdk=iphoneos*]" = "iPhone Distribution: Shanghai Visionet lnformation Technology Corp.,Ltd.";
				DEVELOPMENT_TEAM = RSS58UZ4J5;
				FRAMEWORK_SEARCH_PATHS = (
					"$(inherited)",
					"$(PROJECT_DIR)/FenXiangBao/QQSDK",
				);
				INFOPLIST_FILE = FenXiangBao/Info.plist;
				IPHONEOS_DEPLOYMENT_TARGET = 7.0;
				LD_RUNPATH_SEARCH_PATHS = "$(inherited) @executable_path/Frameworks";
				LIBRARY_SEARCH_PATHS = (
					"$(inherited)",
					"$(PROJECT_DIR)/FenXiangBao/WechatSDK1.7.5",
					"$(PROJECT_DIR)/FenXiangBao/libWeiboSDK",
					"$(PROJECT_DIR)/FenXiangBao/JPush-iOS-SDK/Lib",
					"$(PROJECT_DIR)/FenXiangBao/JPush-iOS-SDK",
				);
				PRODUCT_BUNDLE_IDENTIFIER = com.visionet.fenxiangbaoProj;
				PRODUCT_NAME = "$(TARGET_NAME)";
				PROVISIONING_PROFILE = "4b8fff74-093a-4781-9c29-d2c7833a98cf";
				PROVISIONING_PROFILE_SPECIFIER = FenxiangBaoApp_Dis;
			};
			name = Release;
		};
		FF2C0C031E0CFF8100B0657D /* Debug */ = {
			isa = XCBuildConfiguration;
			buildSettings = {
				BUNDLE_LOADER = "$(TEST_HOST)";
				INFOPLIST_FILE = FenXiangBaoTests/Info.plist;
				LD_RUNPATH_SEARCH_PATHS = "$(inherited) @executable_path/Frameworks @loader_path/Frameworks";
				PRODUCT_BUNDLE_IDENTIFIER = yulinpo.FenXiangBaoTests;
				PRODUCT_NAME = "$(TARGET_NAME)";
				TEST_HOST = "$(BUILT_PRODUCTS_DIR)/FenXiaoBao.app/FenXiaoBao";
			};
			name = Debug;
		};
		FF2C0C041E0CFF8100B0657D /* Release */ = {
			isa = XCBuildConfiguration;
			buildSettings = {
				BUNDLE_LOADER = "$(TEST_HOST)";
				INFOPLIST_FILE = FenXiangBaoTests/Info.plist;
				LD_RUNPATH_SEARCH_PATHS = "$(inherited) @executable_path/Frameworks @loader_path/Frameworks";
				PRODUCT_BUNDLE_IDENTIFIER = yulinpo.FenXiangBaoTests;
				PRODUCT_NAME = "$(TARGET_NAME)";
				TEST_HOST = "$(BUILT_PRODUCTS_DIR)/FenXiaoBao.app/FenXiaoBao";
			};
			name = Release;
		};
		FF2C0C061E0CFF8100B0657D /* Debug */ = {
			isa = XCBuildConfiguration;
			buildSettings = {
				INFOPLIST_FILE = FenXiangBaoUITests/Info.plist;
				LD_RUNPATH_SEARCH_PATHS = "$(inherited) @executable_path/Frameworks @loader_path/Frameworks";
				PRODUCT_BUNDLE_IDENTIFIER = yulinpo.FenXiangBaoUITests;
				PRODUCT_NAME = "$(TARGET_NAME)";
				TEST_TARGET_NAME = FenXiangBao;
			};
			name = Debug;
		};
		FF2C0C071E0CFF8100B0657D /* Release */ = {
			isa = XCBuildConfiguration;
			buildSettings = {
				INFOPLIST_FILE = FenXiangBaoUITests/Info.plist;
				LD_RUNPATH_SEARCH_PATHS = "$(inherited) @executable_path/Frameworks @loader_path/Frameworks";
				PRODUCT_BUNDLE_IDENTIFIER = yulinpo.FenXiangBaoUITests;
				PRODUCT_NAME = "$(TARGET_NAME)";
				TEST_TARGET_NAME = FenXiangBao;
			};
			name = Release;
		};
/* End XCBuildConfiguration section */

/* Begin XCConfigurationList section */
		FF2C0BCD1E0CFF8100B0657D /* Build configuration list for PBXProject "FenXiaoBao" */ = {
			isa = XCConfigurationList;
			buildConfigurations = (
				FF2C0BFD1E0CFF8100B0657D /* Debug */,
				FF2C0BFE1E0CFF8100B0657D /* Release */,
			);
			defaultConfigurationIsVisible = 0;
			defaultConfigurationName = Release;
		};
		FF2C0BFF1E0CFF8100B0657D /* Build configuration list for PBXNativeTarget "FenXiaoBao" */ = {
			isa = XCConfigurationList;
			buildConfigurations = (
				FF2C0C001E0CFF8100B0657D /* Debug */,
				FF2C0C011E0CFF8100B0657D /* Release */,
			);
			defaultConfigurationIsVisible = 0;
			defaultConfigurationName = Release;
		};
		FF2C0C021E0CFF8100B0657D /* Build configuration list for PBXNativeTarget "FenXiaoBaoTests" */ = {
			isa = XCConfigurationList;
			buildConfigurations = (
				FF2C0C031E0CFF8100B0657D /* Debug */,
				FF2C0C041E0CFF8100B0657D /* Release */,
			);
			defaultConfigurationIsVisible = 0;
			defaultConfigurationName = Release;
		};
		FF2C0C051E0CFF8100B0657D /* Build configuration list for PBXNativeTarget "FenXiaoBaoUITests" */ = {
			isa = XCConfigurationList;
			buildConfigurations = (
				FF2C0C061E0CFF8100B0657D /* Debug */,
				FF2C0C071E0CFF8100B0657D /* Release */,
			);
			defaultConfigurationIsVisible = 0;
			defaultConfigurationName = Release;
		};
/* End XCConfigurationList section */
	};
	rootObject = FF2C0BCA1E0CFF8100B0657D /* Project object */;
}
